// !$*UTF8*$!
{
	archiveVersion = 1;
	classes = {
	};
	objectVersion = 48;
	objects = {

/* Begin PBXBuildFile section */
		844482A920A1D95B00FAF5A5 /* digital-7 (mono).ttf in Resources */ = {isa = PBXBuildFile; fileRef = 844482A820A1D95B00FAF5A5 /* digital-7 (mono).ttf */; };
		8467F99F20AB2C1700C27EE8 /* GoalVC.swift in Sources */ = {isa = PBXBuildFile; fileRef = 8467F99E20AB2C1700C27EE8 /* GoalVC.swift */; };
		84A55D5120921FAE00CE9155 /* Game.swift in Sources */ = {isa = PBXBuildFile; fileRef = 84A55D5020921FAE00CE9155 /* Game.swift */; };
		84C1C0F9207FA977000782F4 /* AppDelegate.swift in Sources */ = {isa = PBXBuildFile; fileRef = 84C1C0F8207FA977000782F4 /* AppDelegate.swift */; };
		84C1C0FB207FA977000782F4 /* ViewController.swift in Sources */ = {isa = PBXBuildFile; fileRef = 84C1C0FA207FA977000782F4 /* ViewController.swift */; };
		84C1C0FE207FA977000782F4 /* Main.storyboard in Resources */ = {isa = PBXBuildFile; fileRef = 84C1C0FC207FA977000782F4 /* Main.storyboard */; };
		84C1C100207FA977000782F4 /* Assets.xcassets in Resources */ = {isa = PBXBuildFile; fileRef = 84C1C0FF207FA977000782F4 /* Assets.xcassets */; };
		84C1C103207FA977000782F4 /* LaunchScreen.storyboard in Resources */ = {isa = PBXBuildFile; fileRef = 84C1C101207FA977000782F4 /* LaunchScreen.storyboard */; };
		84C1C10E207FA978000782F4 /* ScoreClockTests.swift in Sources */ = {isa = PBXBuildFile; fileRef = 84C1C10D207FA978000782F4 /* ScoreClockTests.swift */; };
		84C1C119207FA979000782F4 /* ScoreClockUITests.swift in Sources */ = {isa = PBXBuildFile; fileRef = 84C1C118207FA979000782F4 /* ScoreClockUITests.swift */; };
		84C1C128207FAB38000782F4 /* Segment7Standard.otf in Resources */ = {isa = PBXBuildFile; fileRef = 84C1C127207FAB38000782F4 /* Segment7Standard.otf */; };
		84DF371B20AB3D0400BA2348 /* Goal.swift in Sources */ = {isa = PBXBuildFile; fileRef = 84DF371A20AB3D0400BA2348 /* Goal.swift */; };
		84F3F46E20AC62EA009E84A0 /* Utilities.swift in Sources */ = {isa = PBXBuildFile; fileRef = 84F3F46D20AC62EA009E84A0 /* Utilities.swift */; };
		84F3F47020AC75FE009E84A0 /* digital-7.ttf in Resources */ = {isa = PBXBuildFile; fileRef = 84F3F46F20AC75FE009E84A0 /* digital-7.ttf */; };
		84F3F47320ACBBDF009E84A0 /* PeriodHorn.m4a in Resources */ = {isa = PBXBuildFile; fileRef = 84F3F47220ACBBDF009E84A0 /* PeriodHorn.m4a */; };
		84F3F47520ACBD11009E84A0 /* GoalHorn.m4a in Resources */ = {isa = PBXBuildFile; fileRef = 84F3F47420ACBD10009E84A0 /* GoalHorn.m4a */; };
		84F508B120AF058B0050632F /* soundOn.png in Resources */ = {isa = PBXBuildFile; fileRef = 84F508AF20AF058B0050632F /* soundOn.png */; };
		84F508B220AF058B0050632F /* soundOff.png in Resources */ = {isa = PBXBuildFile; fileRef = 84F508B020AF058B0050632F /* soundOff.png */; };
/* End PBXBuildFile section */

/* Begin PBXContainerItemProxy section */
		84C1C10A207FA978000782F4 /* PBXContainerItemProxy */ = {
			isa = PBXContainerItemProxy;
			containerPortal = 84C1C0ED207FA977000782F4 /* Project object */;
			proxyType = 1;
			remoteGlobalIDString = 84C1C0F4207FA977000782F4;
			remoteInfo = ScoreClock;
		};
		84C1C115207FA979000782F4 /* PBXContainerItemProxy */ = {
			isa = PBXContainerItemProxy;
			containerPortal = 84C1C0ED207FA977000782F4 /* Project object */;
			proxyType = 1;
			remoteGlobalIDString = 84C1C0F4207FA977000782F4;
			remoteInfo = ScoreClock;
		};
/* End PBXContainerItemProxy section */

/* Begin PBXFileReference section */
		844482A820A1D95B00FAF5A5 /* digital-7 (mono).ttf */ = {isa = PBXFileReference; lastKnownFileType = file; path = "digital-7 (mono).ttf"; sourceTree = "<group>"; };
		8467F99E20AB2C1700C27EE8 /* GoalVC.swift */ = {isa = PBXFileReference; lastKnownFileType = sourcecode.swift; path = GoalVC.swift; sourceTree = "<group>"; };
		84A55D5020921FAE00CE9155 /* Game.swift */ = {isa = PBXFileReference; lastKnownFileType = sourcecode.swift; path = Game.swift; sourceTree = "<group>"; };
		84C1C0F5207FA977000782F4 /* ScoreClock.app */ = {isa = PBXFileReference; explicitFileType = wrapper.application; includeInIndex = 0; path = ScoreClock.app; sourceTree = BUILT_PRODUCTS_DIR; };
		84C1C0F8207FA977000782F4 /* AppDelegate.swift */ = {isa = PBXFileReference; lastKnownFileType = sourcecode.swift; path = AppDelegate.swift; sourceTree = "<group>"; };
		84C1C0FA207FA977000782F4 /* ViewController.swift */ = {isa = PBXFileReference; lastKnownFileType = sourcecode.swift; path = ViewController.swift; sourceTree = "<group>"; };
		84C1C0FD207FA977000782F4 /* Base */ = {isa = PBXFileReference; lastKnownFileType = file.storyboard; name = Base; path = Base.lproj/Main.storyboard; sourceTree = "<group>"; };
		84C1C0FF207FA977000782F4 /* Assets.xcassets */ = {isa = PBXFileReference; lastKnownFileType = folder.assetcatalog; path = Assets.xcassets; sourceTree = "<group>"; };
		84C1C102207FA977000782F4 /* Base */ = {isa = PBXFileReference; lastKnownFileType = file.storyboard; name = Base; path = Base.lproj/LaunchScreen.storyboard; sourceTree = "<group>"; };
		84C1C104207FA977000782F4 /* Info.plist */ = {isa = PBXFileReference; lastKnownFileType = text.plist.xml; path = Info.plist; sourceTree = "<group>"; };
		84C1C109207FA978000782F4 /* ScoreClockTests.xctest */ = {isa = PBXFileReference; explicitFileType = wrapper.cfbundle; includeInIndex = 0; path = ScoreClockTests.xctest; sourceTree = BUILT_PRODUCTS_DIR; };
		84C1C10D207FA978000782F4 /* ScoreClockTests.swift */ = {isa = PBXFileReference; lastKnownFileType = sourcecode.swift; path = ScoreClockTests.swift; sourceTree = "<group>"; };
		84C1C10F207FA979000782F4 /* Info.plist */ = {isa = PBXFileReference; lastKnownFileType = text.plist.xml; path = Info.plist; sourceTree = "<group>"; };
		84C1C114207FA979000782F4 /* ScoreClockUITests.xctest */ = {isa = PBXFileReference; explicitFileType = wrapper.cfbundle; includeInIndex = 0; path = ScoreClockUITests.xctest; sourceTree = BUILT_PRODUCTS_DIR; };
		84C1C118207FA979000782F4 /* ScoreClockUITests.swift */ = {isa = PBXFileReference; lastKnownFileType = sourcecode.swift; path = ScoreClockUITests.swift; sourceTree = "<group>"; };
		84C1C11A207FA979000782F4 /* Info.plist */ = {isa = PBXFileReference; lastKnownFileType = text.plist.xml; path = Info.plist; sourceTree = "<group>"; };
		84C1C127207FAB38000782F4 /* Segment7Standard.otf */ = {isa = PBXFileReference; lastKnownFileType = file; path = Segment7Standard.otf; sourceTree = "<group>"; };
		84DF371A20AB3D0400BA2348 /* Goal.swift */ = {isa = PBXFileReference; lastKnownFileType = sourcecode.swift; path = Goal.swift; sourceTree = "<group>"; };
		84F3F46D20AC62EA009E84A0 /* Utilities.swift */ = {isa = PBXFileReference; lastKnownFileType = sourcecode.swift; path = Utilities.swift; sourceTree = "<group>"; };
		84F3F46F20AC75FE009E84A0 /* digital-7.ttf */ = {isa = PBXFileReference; lastKnownFileType = file; path = "digital-7.ttf"; sourceTree = "<group>"; };
		84F3F47220ACBBDF009E84A0 /* PeriodHorn.m4a */ = {isa = PBXFileReference; lastKnownFileType = file; path = PeriodHorn.m4a; sourceTree = "<group>"; };
		84F3F47420ACBD10009E84A0 /* GoalHorn.m4a */ = {isa = PBXFileReference; lastKnownFileType = file; path = GoalHorn.m4a; sourceTree = "<group>"; };
		84F508AF20AF058B0050632F /* soundOn.png */ = {isa = PBXFileReference; lastKnownFileType = image.png; path = soundOn.png; sourceTree = "<group>"; };
		84F508B020AF058B0050632F /* soundOff.png */ = {isa = PBXFileReference; lastKnownFileType = image.png; path = soundOff.png; sourceTree = "<group>"; };
/* End PBXFileReference section */

/* Begin PBXFrameworksBuildPhase section */
		84C1C0F2207FA977000782F4 /* Frameworks */ = {
			isa = PBXFrameworksBuildPhase;
			buildActionMask = 2147483647;
			files = (
			);
			runOnlyForDeploymentPostprocessing = 0;
		};
		84C1C106207FA978000782F4 /* Frameworks */ = {
			isa = PBXFrameworksBuildPhase;
			buildActionMask = 2147483647;
			files = (
			);
			runOnlyForDeploymentPostprocessing = 0;
		};
		84C1C111207FA979000782F4 /* Frameworks */ = {
			isa = PBXFrameworksBuildPhase;
			buildActionMask = 2147483647;
			files = (
			);
			runOnlyForDeploymentPostprocessing = 0;
		};
/* End PBXFrameworksBuildPhase section */

/* Begin PBXGroup section */
		84C1C0EC207FA977000782F4 = {
			isa = PBXGroup;
			children = (
				84C1C0F7207FA977000782F4 /* ScoreClock */,
				84C1C126207FAB08000782F4 /* fonts */,
				AACD20AC20AD12BD003ED6B6 /* images */,
				84F3F47120ACBB98009E84A0 /* sounds */,
				84C1C10C207FA978000782F4 /* ScoreClockTests */,
				84C1C0F6207FA977000782F4 /* Products */,
			);
			sourceTree = "<group>";
		};
		84C1C0F6207FA977000782F4 /* Products */ = {
			isa = PBXGroup;
			children = (
				84C1C0F5207FA977000782F4 /* ScoreClock.app */,
				84C1C109207FA978000782F4 /* ScoreClockTests.xctest */,
				84C1C114207FA979000782F4 /* ScoreClockUITests.xctest */,
			);
			name = Products;
			sourceTree = "<group>";
		};
		84C1C0F7207FA977000782F4 /* ScoreClock */ = {
			isa = PBXGroup;
			children = (
				84C1C0F8207FA977000782F4 /* AppDelegate.swift */,
				84C1C0FA207FA977000782F4 /* ViewController.swift */,
				8467F99E20AB2C1700C27EE8 /* GoalVC.swift */,
				84C1C0FC207FA977000782F4 /* Main.storyboard */,
				84C1C0FF207FA977000782F4 /* Assets.xcassets */,
				84C1C101207FA977000782F4 /* LaunchScreen.storyboard */,
				84C1C104207FA977000782F4 /* Info.plist */,
				84A55D5020921FAE00CE9155 /* Game.swift */,
				84DF371A20AB3D0400BA2348 /* Goal.swift */,
				84F3F46D20AC62EA009E84A0 /* Utilities.swift */,
			);
			path = ScoreClock;
			sourceTree = "<group>";
		};
		84C1C10C207FA978000782F4 /* ScoreClockTests */ = {
			isa = PBXGroup;
			children = (
				84C1C117207FA979000782F4 /* ScoreClockUITests */,
				84C1C10D207FA978000782F4 /* ScoreClockTests.swift */,
				84C1C10F207FA979000782F4 /* Info.plist */,
			);
			path = ScoreClockTests;
			sourceTree = "<group>";
		};
		84C1C117207FA979000782F4 /* ScoreClockUITests */ = {
			isa = PBXGroup;
			children = (
				84C1C118207FA979000782F4 /* ScoreClockUITests.swift */,
				84C1C11A207FA979000782F4 /* Info.plist */,
			);
			path = ScoreClockUITests;
			sourceTree = "<group>";
		};
		84C1C126207FAB08000782F4 /* fonts */ = {
			isa = PBXGroup;
			children = (
				844482A820A1D95B00FAF5A5 /* digital-7 (mono).ttf */,
				84F3F46F20AC75FE009E84A0 /* digital-7.ttf */,
				84C1C127207FAB38000782F4 /* Segment7Standard.otf */,
			);
			path = fonts;
			sourceTree = "<group>";
		};
		84F3F47120ACBB98009E84A0 /* sounds */ = {
			isa = PBXGroup;
			children = (
				84F3F47420ACBD10009E84A0 /* GoalHorn.m4a */,
				84F3F47220ACBBDF009E84A0 /* PeriodHorn.m4a */,
			);
			path = sounds;
			sourceTree = "<group>";
		};
		AACD20AC20AD12BD003ED6B6 /* images */ = {
			isa = PBXGroup;
			children = (
				84F508B020AF058B0050632F /* soundOff.png */,
				84F508AF20AF058B0050632F /* soundOn.png */,
			);
			path = images;
			sourceTree = "<group>";
		};
/* End PBXGroup section */

/* Begin PBXNativeTarget section */
		84C1C0F4207FA977000782F4 /* ScoreClock */ = {
			isa = PBXNativeTarget;
			buildConfigurationList = 84C1C11D207FA979000782F4 /* Build configuration list for PBXNativeTarget "ScoreClock" */;
			buildPhases = (
				84C1C0F1207FA977000782F4 /* Sources */,
				84C1C0F2207FA977000782F4 /* Frameworks */,
				84C1C0F3207FA977000782F4 /* Resources */,
			);
			buildRules = (
			);
			dependencies = (
			);
			name = ScoreClock;
			productName = ScoreClock;
			productReference = 84C1C0F5207FA977000782F4 /* ScoreClock.app */;
			productType = "com.apple.product-type.application";
		};
		84C1C108207FA978000782F4 /* ScoreClockTests */ = {
			isa = PBXNativeTarget;
			buildConfigurationList = 84C1C120207FA979000782F4 /* Build configuration list for PBXNativeTarget "ScoreClockTests" */;
			buildPhases = (
				84C1C105207FA978000782F4 /* Sources */,
				84C1C106207FA978000782F4 /* Frameworks */,
				84C1C107207FA978000782F4 /* Resources */,
			);
			buildRules = (
			);
			dependencies = (
				84C1C10B207FA978000782F4 /* PBXTargetDependency */,
			);
			name = ScoreClockTests;
			productName = ScoreClockTests;
			productReference = 84C1C109207FA978000782F4 /* ScoreClockTests.xctest */;
			productType = "com.apple.product-type.bundle.unit-test";
		};
		84C1C113207FA979000782F4 /* ScoreClockUITests */ = {
			isa = PBXNativeTarget;
			buildConfigurationList = 84C1C123207FA979000782F4 /* Build configuration list for PBXNativeTarget "ScoreClockUITests" */;
			buildPhases = (
				84C1C110207FA979000782F4 /* Sources */,
				84C1C111207FA979000782F4 /* Frameworks */,
				84C1C112207FA979000782F4 /* Resources */,
			);
			buildRules = (
			);
			dependencies = (
				84C1C116207FA979000782F4 /* PBXTargetDependency */,
			);
			name = ScoreClockUITests;
			productName = ScoreClockUITests;
			productReference = 84C1C114207FA979000782F4 /* ScoreClockUITests.xctest */;
			productType = "com.apple.product-type.bundle.ui-testing";
		};
/* End PBXNativeTarget section */

/* Begin PBXProject section */
		84C1C0ED207FA977000782F4 /* Project object */ = {
			isa = PBXProject;
			attributes = {
				LastSwiftUpdateCheck = 0920;
				LastUpgradeCheck = 0920;
				ORGANIZATIONNAME = WIT;
				TargetAttributes = {
					84C1C0F4207FA977000782F4 = {
						CreatedOnToolsVersion = 9.2;
						ProvisioningStyle = Automatic;
					};
					84C1C108207FA978000782F4 = {
						CreatedOnToolsVersion = 9.2;
						ProvisioningStyle = Automatic;
						TestTargetID = 84C1C0F4207FA977000782F4;
					};
					84C1C113207FA979000782F4 = {
						CreatedOnToolsVersion = 9.2;
						ProvisioningStyle = Automatic;
						TestTargetID = 84C1C0F4207FA977000782F4;
					};
				};
			};
			buildConfigurationList = 84C1C0F0207FA977000782F4 /* Build configuration list for PBXProject "ScoreClock" */;
			compatibilityVersion = "Xcode 8.0";
			developmentRegion = en;
			hasScannedForEncodings = 0;
			knownRegions = (
				en,
				Base,
			);
			mainGroup = 84C1C0EC207FA977000782F4;
			productRefGroup = 84C1C0F6207FA977000782F4 /* Products */;
			projectDirPath = "";
			projectRoot = "";
			targets = (
				84C1C0F4207FA977000782F4 /* ScoreClock */,
				84C1C108207FA978000782F4 /* ScoreClockTests */,
				84C1C113207FA979000782F4 /* ScoreClockUITests */,
			);
		};
/* End PBXProject section */

/* Begin PBXResourcesBuildPhase section */
		84C1C0F3207FA977000782F4 /* Resources */ = {
			isa = PBXResourcesBuildPhase;
			buildActionMask = 2147483647;
			files = (
				84F508B120AF058B0050632F /* soundOn.png in Resources */,
				84F3F47320ACBBDF009E84A0 /* PeriodHorn.m4a in Resources */,
				84C1C103207FA977000782F4 /* LaunchScreen.storyboard in Resources */,
				84F3F47020AC75FE009E84A0 /* digital-7.ttf in Resources */,
				84C1C100207FA977000782F4 /* Assets.xcassets in Resources */,
				84C1C128207FAB38000782F4 /* Segment7Standard.otf in Resources */,
				844482A920A1D95B00FAF5A5 /* digital-7 (mono).ttf in Resources */,
				84F3F47520ACBD11009E84A0 /* GoalHorn.m4a in Resources */,
				84C1C0FE207FA977000782F4 /* Main.storyboard in Resources */,
				84F508B220AF058B0050632F /* soundOff.png in Resources */,
			);
			runOnlyForDeploymentPostprocessing = 0;
		};
		84C1C107207FA978000782F4 /* Resources */ = {
			isa = PBXResourcesBuildPhase;
			buildActionMask = 2147483647;
			files = (
			);
			runOnlyForDeploymentPostprocessing = 0;
		};
		84C1C112207FA979000782F4 /* Resources */ = {
			isa = PBXResourcesBuildPhase;
			buildActionMask = 2147483647;
			files = (
			);
			runOnlyForDeploymentPostprocessing = 0;
		};
/* End PBXResourcesBuildPhase section */

/* Begin PBXSourcesBuildPhase section */
		84C1C0F1207FA977000782F4 /* Sources */ = {
			isa = PBXSourcesBuildPhase;
			buildActionMask = 2147483647;
			files = (
				84F3F46E20AC62EA009E84A0 /* Utilities.swift in Sources */,
				84C1C0FB207FA977000782F4 /* ViewController.swift in Sources */,
				84A55D5120921FAE00CE9155 /* Game.swift in Sources */,
				84C1C0F9207FA977000782F4 /* AppDelegate.swift in Sources */,
				84DF371B20AB3D0400BA2348 /* Goal.swift in Sources */,
				8467F99F20AB2C1700C27EE8 /* GoalVC.swift in Sources */,
			);
			runOnlyForDeploymentPostprocessing = 0;
		};
		84C1C105207FA978000782F4 /* Sources */ = {
			isa = PBXSourcesBuildPhase;
			buildActionMask = 2147483647;
			files = (
				84C1C10E207FA978000782F4 /* ScoreClockTests.swift in Sources */,
			);
			runOnlyForDeploymentPostprocessing = 0;
		};
		84C1C110207FA979000782F4 /* Sources */ = {
			isa = PBXSourcesBuildPhase;
			buildActionMask = 2147483647;
			files = (
				84C1C119207FA979000782F4 /* ScoreClockUITests.swift in Sources */,
			);
			runOnlyForDeploymentPostprocessing = 0;
		};
/* End PBXSourcesBuildPhase section */

/* Begin PBXTargetDependency section */
		84C1C10B207FA978000782F4 /* PBXTargetDependency */ = {
			isa = PBXTargetDependency;
			target = 84C1C0F4207FA977000782F4 /* ScoreClock */;
			targetProxy = 84C1C10A207FA978000782F4 /* PBXContainerItemProxy */;
		};
		84C1C116207FA979000782F4 /* PBXTargetDependency */ = {
			isa = PBXTargetDependency;
			target = 84C1C0F4207FA977000782F4 /* ScoreClock */;
			targetProxy = 84C1C115207FA979000782F4 /* PBXContainerItemProxy */;
		};
/* End PBXTargetDependency section */

/* Begin PBXVariantGroup section */
		84C1C0FC207FA977000782F4 /* Main.storyboard */ = {
			isa = PBXVariantGroup;
			children = (
				84C1C0FD207FA977000782F4 /* Base */,
			);
			name = Main.storyboard;
			sourceTree = "<group>";
		};
		84C1C101207FA977000782F4 /* LaunchScreen.storyboard */ = {
			isa = PBXVariantGroup;
			children = (
				84C1C102207FA977000782F4 /* Base */,
			);
			name = LaunchScreen.storyboard;
			sourceTree = "<group>";
		};
/* End PBXVariantGroup section */

/* Begin XCBuildConfiguration section */
		84C1C11B207FA979000782F4 /* Debug */ = {
			isa = XCBuildConfiguration;
			buildSettings = {
				ALWAYS_SEARCH_USER_PATHS = NO;
				CLANG_ANALYZER_NONNULL = YES;
				CLANG_ANALYZER_NUMBER_OBJECT_CONVERSION = YES_AGGRESSIVE;
				CLANG_CXX_LANGUAGE_STANDARD = "gnu++14";
				CLANG_CXX_LIBRARY = "libc++";
				CLANG_ENABLE_MODULES = YES;
				CLANG_ENABLE_OBJC_ARC = YES;
				CLANG_WARN_BLOCK_CAPTURE_AUTORELEASING = YES;
				CLANG_WARN_BOOL_CONVERSION = YES;
				CLANG_WARN_COMMA = YES;
				CLANG_WARN_CONSTANT_CONVERSION = YES;
				CLANG_WARN_DIRECT_OBJC_ISA_USAGE = YES_ERROR;
				CLANG_WARN_DOCUMENTATION_COMMENTS = YES;
				CLANG_WARN_EMPTY_BODY = YES;
				CLANG_WARN_ENUM_CONVERSION = YES;
				CLANG_WARN_INFINITE_RECURSION = YES;
				CLANG_WARN_INT_CONVERSION = YES;
				CLANG_WARN_NON_LITERAL_NULL_CONVERSION = YES;
				CLANG_WARN_OBJC_LITERAL_CONVERSION = YES;
				CLANG_WARN_OBJC_ROOT_CLASS = YES_ERROR;
				CLANG_WARN_RANGE_LOOP_ANALYSIS = YES;
				CLANG_WARN_STRICT_PROTOTYPES = YES;
				CLANG_WARN_SUSPICIOUS_MOVE = YES;
				CLANG_WARN_UNGUARDED_AVAILABILITY = YES_AGGRESSIVE;
				CLANG_WARN_UNREACHABLE_CODE = YES;
				CLANG_WARN__DUPLICATE_METHOD_MATCH = YES;
				CODE_SIGN_IDENTITY = "iPhone Developer";
				COPY_PHASE_STRIP = NO;
				DEBUG_INFORMATION_FORMAT = dwarf;
				ENABLE_STRICT_OBJC_MSGSEND = YES;
				ENABLE_TESTABILITY = YES;
				GCC_C_LANGUAGE_STANDARD = gnu11;
				GCC_DYNAMIC_NO_PIC = NO;
				GCC_NO_COMMON_BLOCKS = YES;
				GCC_OPTIMIZATION_LEVEL = 0;
				GCC_PREPROCESSOR_DEFINITIONS = (
					"DEBUG=1",
					"$(inherited)",
				);
				GCC_WARN_64_TO_32_BIT_CONVERSION = YES;
				GCC_WARN_ABOUT_RETURN_TYPE = YES_ERROR;
				GCC_WARN_UNDECLARED_SELECTOR = YES;
				GCC_WARN_UNINITIALIZED_AUTOS = YES_AGGRESSIVE;
				GCC_WARN_UNUSED_FUNCTION = YES;
				GCC_WARN_UNUSED_VARIABLE = YES;
				IPHONEOS_DEPLOYMENT_TARGET = 11.2;
				MTL_ENABLE_DEBUG_INFO = YES;
				ONLY_ACTIVE_ARCH = YES;
				SDKROOT = iphoneos;
				SWIFT_ACTIVE_COMPILATION_CONDITIONS = DEBUG;
				SWIFT_OPTIMIZATION_LEVEL = "-Onone";
			};
			name = Debug;
		};
		84C1C11C207FA979000782F4 /* Release */ = {
			isa = XCBuildConfiguration;
			buildSettings = {
				ALWAYS_SEARCH_USER_PATHS = NO;
				CLANG_ANALYZER_NONNULL = YES;
				CLANG_ANALYZER_NUMBER_OBJECT_CONVERSION = YES_AGGRESSIVE;
				CLANG_CXX_LANGUAGE_STANDARD = "gnu++14";
				CLANG_CXX_LIBRARY = "libc++";
				CLANG_ENABLE_MODULES = YES;
				CLANG_ENABLE_OBJC_ARC = YES;
				CLANG_WARN_BLOCK_CAPTURE_AUTORELEASING = YES;
				CLANG_WARN_BOOL_CONVERSION = YES;
				CLANG_WARN_COMMA = YES;
				CLANG_WARN_CONSTANT_CONVERSION = YES;
				CLANG_WARN_DIRECT_OBJC_ISA_USAGE = YES_ERROR;
				CLANG_WARN_DOCUMENTATION_COMMENTS = YES;
				CLANG_WARN_EMPTY_BODY = YES;
				CLANG_WARN_ENUM_CONVERSION = YES;
				CLANG_WARN_INFINITE_RECURSION = YES;
				CLANG_WARN_INT_CONVERSION = YES;
				CLANG_WARN_NON_LITERAL_NULL_CONVERSION = YES;
				CLANG_WARN_OBJC_LITERAL_CONVERSION = YES;
				CLANG_WARN_OBJC_ROOT_CLASS = YES_ERROR;
				CLANG_WARN_RANGE_LOOP_ANALYSIS = YES;
				CLANG_WARN_STRICT_PROTOTYPES = YES;
				CLANG_WARN_SUSPICIOUS_MOVE = YES;
				CLANG_WARN_UNGUARDED_AVAILABILITY = YES_AGGRESSIVE;
				CLANG_WARN_UNREACHABLE_CODE = YES;
				CLANG_WARN__DUPLICATE_METHOD_MATCH = YES;
				CODE_SIGN_IDENTITY = "iPhone Developer";
				COPY_PHASE_STRIP = NO;
				DEBUG_INFORMATION_FORMAT = "dwarf-with-dsym";
				ENABLE_NS_ASSERTIONS = NO;
				ENABLE_STRICT_OBJC_MSGSEND = YES;
				GCC_C_LANGUAGE_STANDARD = gnu11;
				GCC_NO_COMMON_BLOCKS = YES;
				GCC_WARN_64_TO_32_BIT_CONVERSION = YES;
				GCC_WARN_ABOUT_RETURN_TYPE = YES_ERROR;
				GCC_WARN_UNDECLARED_SELECTOR = YES;
				GCC_WARN_UNINITIALIZED_AUTOS = YES_AGGRESSIVE;
				GCC_WARN_UNUSED_FUNCTION = YES;
				GCC_WARN_UNUSED_VARIABLE = YES;
				IPHONEOS_DEPLOYMENT_TARGET = 11.2;
				MTL_ENABLE_DEBUG_INFO = NO;
				SDKROOT = iphoneos;
				SWIFT_OPTIMIZATION_LEVEL = "-Owholemodule";
				VALIDATE_PRODUCT = YES;
			};
			name = Release;
		};
		84C1C11E207FA979000782F4 /* Debug */ = {
			isa = XCBuildConfiguration;
			buildSettings = {
				ASSETCATALOG_COMPILER_APPICON_NAME = AppIcon;
				CODE_SIGN_STYLE = Automatic;
				DEVELOPMENT_TEAM = 5MTJAM5ZC3;
				INFOPLIST_FILE = ScoreClock/Info.plist;
				IPHONEOS_DEPLOYMENT_TARGET = 9.3;
				LD_RUNPATH_SEARCH_PATHS = "$(inherited) @executable_path/Frameworks";
				PRODUCT_BUNDLE_IDENTIFIER = WIT.ScoreClock;
				PRODUCT_NAME = "$(TARGET_NAME)";
				SWIFT_VERSION = 4.0;
				TARGETED_DEVICE_FAMILY = "1,2";
			};
			name = Debug;
		};
		84C1C11F207FA979000782F4 /* Release */ = {
			isa = XCBuildConfiguration;
			buildSettings = {
				ASSETCATALOG_COMPILER_APPICON_NAME = AppIcon;
				CODE_SIGN_STYLE = Automatic;
				DEVELOPMENT_TEAM = 5MTJAM5ZC3;
				INFOPLIST_FILE = ScoreClock/Info.plist;
				IPHONEOS_DEPLOYMENT_TARGET = 9.3;
				LD_RUNPATH_SEARCH_PATHS = "$(inherited) @executable_path/Frameworks";
				PRODUCT_BUNDLE_IDENTIFIER = WIT.ScoreClock;
				PRODUCT_NAME = "$(TARGET_NAME)";
				SWIFT_VERSION = 4.0;
				TARGETED_DEVICE_FAMILY = "1,2";
			};
			name = Release;
		};
		84C1C121207FA979000782F4 /* Debug */ = {
			isa = XCBuildConfiguration;
			buildSettings = {
				ALWAYS_EMBED_SWIFT_STANDARD_LIBRARIES = YES;
				BUNDLE_LOADER = "$(TEST_HOST)";
				CODE_SIGN_STYLE = Automatic;
				INFOPLIST_FILE = ScoreClockTests/Info.plist;
				LD_RUNPATH_SEARCH_PATHS = "$(inherited) @executable_path/Frameworks @loader_path/Frameworks";
				PRODUCT_BUNDLE_IDENTIFIER = WIT.ScoreClockTests;
				PRODUCT_NAME = "$(TARGET_NAME)";
				SWIFT_VERSION = 4.0;
				TARGETED_DEVICE_FAMILY = "1,2";
				TEST_HOST = "$(BUILT_PRODUCTS_DIR)/ScoreClock.app/ScoreClock";
			};
			name = Debug;
		};
		84C1C122207FA979000782F4 /* Release */ = {
			isa = XCBuildConfiguration;
			buildSettings = {
				ALWAYS_EMBED_SWIFT_STANDARD_LIBRARIES = YES;
				BUNDLE_LOADER = "$(TEST_HOST)";
				CODE_SIGN_STYLE = Automatic;
				INFOPLIST_FILE = ScoreClockTests/Info.plist;
				LD_RUNPATH_SEARCH_PATHS = "$(inherited) @executable_path/Frameworks @loader_path/Frameworks";
				PRODUCT_BUNDLE_IDENTIFIER = WIT.ScoreClockTests;
				PRODUCT_NAME = "$(TARGET_NAME)";
				SWIFT_VERSION = 4.0;
				TARGETED_DEVICE_FAMILY = "1,2";
				TEST_HOST = "$(BUILT_PRODUCTS_DIR)/ScoreClock.app/ScoreClock";
			};
			name = Release;
		};
		84C1C124207FA979000782F4 /* Debug */ = {
			isa = XCBuildConfiguration;
			buildSettings = {
				ALWAYS_EMBED_SWIFT_STANDARD_LIBRARIES = YES;
				CODE_SIGN_STYLE = Automatic;
				INFOPLIST_FILE = ScoreClockUITests/Info.plist;
				LD_RUNPATH_SEARCH_PATHS = "$(inherited) @executable_path/Frameworks @loader_path/Frameworks";
				PRODUCT_BUNDLE_IDENTIFIER = WIT.ScoreClockUITests;
				PRODUCT_NAME = "$(TARGET_NAME)";
				SWIFT_VERSION = 4.0;
				TARGETED_DEVICE_FAMILY = "1,2";
				TEST_TARGET_NAME = ScoreClock;
			};
			name = Debug;
		};
		84C1C125207FA979000782F4 /* Release */ = {
			isa = XCBuildConfiguration;
			buildSettings = {
				ALWAYS_EMBED_SWIFT_STANDARD_LIBRARIES = YES;
				CODE_SIGN_STYLE = Automatic;
				INFOPLIST_FILE = ScoreClockUITests/Info.plist;
				LD_RUNPATH_SEARCH_PATHS = "$(inherited) @executable_path/Frameworks @loader_path/Frameworks";
				PRODUCT_BUNDLE_IDENTIFIER = WIT.ScoreClockUITests;
				PRODUCT_NAME = "$(TARGET_NAME)";
				SWIFT_VERSION = 4.0;
				TARGETED_DEVICE_FAMILY = "1,2";
				TEST_TARGET_NAME = ScoreClock;
			};
			name = Release;
		};
/* End XCBuildConfiguration section */

/* Begin XCConfigurationList section */
		84C1C0F0207FA977000782F4 /* Build configuration list for PBXProject "ScoreClock" */ = {
			isa = XCConfigurationList;
			buildConfigurations = (
				84C1C11B207FA979000782F4 /* Debug */,
				84C1C11C207FA979000782F4 /* Release */,
			);
			defaultConfigurationIsVisible = 0;
			defaultConfigurationName = Release;
		};
		84C1C11D207FA979000782F4 /* Build configuration list for PBXNativeTarget "ScoreClock" */ = {
			isa = XCConfigurationList;
			buildConfigurations = (
				84C1C11E207FA979000782F4 /* Debug */,
				84C1C11F207FA979000782F4 /* Release */,
			);
			defaultConfigurationIsVisible = 0;
			defaultConfigurationName = Release;
		};
		84C1C120207FA979000782F4 /* Build configuration list for PBXNativeTarget "ScoreClockTests" */ = {
			isa = XCConfigurationList;
			buildConfigurations = (
				84C1C121207FA979000782F4 /* Debug */,
				84C1C122207FA979000782F4 /* Release */,
			);
			defaultConfigurationIsVisible = 0;
			defaultConfigurationName = Release;
		};
		84C1C123207FA979000782F4 /* Build configuration list for PBXNativeTarget "ScoreClockUITests" */ = {
			isa = XCConfigurationList;
			buildConfigurations = (
				84C1C124207FA979000782F4 /* Debug */,
				84C1C125207FA979000782F4 /* Release */,
			);
			defaultConfigurationIsVisible = 0;
			defaultConfigurationName = Release;
		};
/* End XCConfigurationList section */
	};
	rootObject = 84C1C0ED207FA977000782F4 /* Project object */;
}
